
Microsoft Visual Studio Solution File, Format Version 12.00
# Visual Studio Version 16
VisualStudioVersion = 16.0.29709.97
MinimumVisualStudioVersion = 10.0.40219.1
Project("{9A19103F-16F7-4668-BE54-9A1E7A4F7556}") = "InvesTip.Web", "InvesTip\InvesTip.Web.csproj", "{6832F997-5687-4A0C-A6C9-43A355F9721F}"
EndProject
Project("{FAE04EC0-301F-11D3-BF4B-00C04F79EFBC}") = "InvesTip.DAL", "InvesTip.DAL\InvesTip.DAL.csproj", "{A8643C30-FC21-47EC-A25E-64693CE2BCA9}"
EndProject
Global
	GlobalSection(SolutionConfigurationPlatforms) = preSolution
		Debug|Any CPU = Debug|Any CPU
		Release|Any CPU = Release|Any CPU
	EndGlobalSection
	GlobalSection(ProjectConfigurationPlatforms) = postSolution
		{6832F997-5687-4A0C-A6C9-43A355F9721F}.Debug|Any CPU.ActiveCfg = Debug|Any CPU
		{6832F997-5687-4A0C-A6C9-43A355F9721F}.Debug|Any CPU.Build.0 = Debug|Any CPU
		{6832F997-5687-4A0C-A6C9-43A355F9721F}.Release|Any CPU.ActiveCfg = Release|Any CPU
		{6832F997-5687-4A0C-A6C9-43A355F9721F}.Release|Any CPU.Build.0 = Release|Any CPU
		{A8643C30-FC21-47EC-A25E-64693CE2BCA9}.Debug|Any CPU.ActiveCfg = Debug|Any CPU
		{A8643C30-FC21-47EC-A25E-64693CE2BCA9}.Debug|Any CPU.Build.0 = Debug|Any CPU
		{A8643C30-FC21-47EC-A25E-64693CE2BCA9}.Release|Any CPU.ActiveCfg = Release|Any CPU
		{A8643C30-FC21-47EC-A25E-64693CE2BCA9}.Release|Any CPU.Build.0 = Release|Any CPU
	EndGlobalSection
	GlobalSection(SolutionProperties) = preSolution
		HideSolutionNode = FALSE
	EndGlobalSection
	GlobalSection(ExtensibilityGlobals) = postSolution
		SolutionGuid = {B795403D-80B1-4D40-9726-2DB4546D2328}
	EndGlobalSection
EndGlobal
